
Microsoft Visual Studio Solution File, Format Version 12.00
# Visual Studio Version 17
VisualStudioVersion = 17.2.32630.192
MinimumVisualStudioVersion = 10.0.40219.1
Project("{FAE04EC0-301F-11D3-BF4B-00C04F79EFBC}") = "tshark_PacketCapture", "tshark_PacketCapture\tshark_PacketCapture.csproj", "{BE09FA2C-FDAE-484E-82A3-67C0C0129658}"
EndProject
Global
	GlobalSection(SolutionConfigurationPlatforms) = preSolution
		Debug|Any CPU = Debug|Any CPU
		Release|Any CPU = Release|Any CPU
	EndGlobalSection
	GlobalSection(ProjectConfigurationPlatforms) = postSolution
		{BE09FA2C-FDAE-484E-82A3-67C0C0129658}.Debug|Any CPU.ActiveCfg = Debug|Any CPU
		{BE09FA2C-FDAE-484E-82A3-67C0C0129658}.Debug|Any CPU.Build.0 = Debug|Any CPU
		{BE09FA2C-FDAE-484E-82A3-67C0C0129658}.Release|Any CPU.ActiveCfg = Release|Any CPU
		{BE09FA2C-FDAE-484E-82A3-67C0C0129658}.Release|Any CPU.Build.0 = Release|Any CPU
	EndGlobalSection
	GlobalSection(SolutionProperties) = preSolution
		HideSolutionNode = FALSE
	EndGlobalSection
	GlobalSection(ExtensibilityGlobals) = postSolution
		SolutionGuid = {22438C0B-18FA-4E41-9947-01F02AF3D07A}
	EndGlobalSection
EndGlobal
